
Microsoft Visual Studio Solution File, Format Version 12.00
# Visual Studio Version 17
VisualStudioVersion = 17.11.35312.102
MinimumVisualStudioVersion = 10.0.40219.1
Project("{FAE04EC0-301F-11D3-BF4B-00C04F79EFBC}") = "Lab4_7prog", "Lab4_7prog.csproj", "{585B2379-9FF9-4BD1-8E0B-8A36FF66E953}"
EndProject
Global
	GlobalSection(SolutionConfigurationPlatforms) = preSolution
		Debug|Any CPU = Debug|Any CPU
		Release|Any CPU = Release|Any CPU
	EndGlobalSection
	GlobalSection(ProjectConfigurationPlatforms) = postSolution
		{585B2379-9FF9-4BD1-8E0B-8A36FF66E953}.Debug|Any CPU.ActiveCfg = Debug|Any CPU
		{585B2379-9FF9-4BD1-8E0B-8A36FF66E953}.Debug|Any CPU.Build.0 = Debug|Any CPU
		{585B2379-9FF9-4BD1-8E0B-8A36FF66E953}.Release|Any CPU.ActiveCfg = Release|Any CPU
		{585B2379-9FF9-4BD1-8E0B-8A36FF66E953}.Release|Any CPU.Build.0 = Release|Any CPU
	EndGlobalSection
	GlobalSection(SolutionProperties) = preSolution
		HideSolutionNode = FALSE
	EndGlobalSection
	GlobalSection(ExtensibilityGlobals) = postSolution
		SolutionGuid = {32884EAA-4D86-4B78-874B-8BE2E5EBA584}
	EndGlobalSection
EndGlobal
